
Microsoft Visual Studio Solution File, Format Version 12.00
# Visual Studio 15
VisualStudioVersion = 15.0.27428.2002
MinimumVisualStudioVersion = 10.0.40219.1
Project("{FAE04EC0-301F-11D3-BF4B-00C04F79EFBC}") = "RemoteControl.Client", "RemoteControl.Client\RemoteControl.Client.csproj", "{C7C14CF4-8D3C-49CE-9014-5A7FF4099201}"
EndProject
Global
	GlobalSection(SolutionConfigurationPlatforms) = preSolution
		Debug|Any CPU = Debug|Any CPU
		Release|Any CPU = Release|Any CPU
	EndGlobalSection
	GlobalSection(ProjectConfigurationPlatforms) = postSolution
		{C7C14CF4-8D3C-49CE-9014-5A7FF4099201}.Debug|Any CPU.ActiveCfg = Debug|Any CPU
		{C7C14CF4-8D3C-49CE-9014-5A7FF4099201}.Debug|Any CPU.Build.0 = Debug|Any CPU
		{C7C14CF4-8D3C-49CE-9014-5A7FF4099201}.Release|Any CPU.ActiveCfg = Release|Any CPU
		{C7C14CF4-8D3C-49CE-9014-5A7FF4099201}.Release|Any CPU.Build.0 = Release|Any CPU
	EndGlobalSection
	GlobalSection(SolutionProperties) = preSolution
		HideSolutionNode = FALSE
	EndGlobalSection
	GlobalSection(ExtensibilityGlobals) = postSolution
		SolutionGuid = {3783AFD7-B3F4-442A-BBE1-344DCE57C73D}
	EndGlobalSection
EndGlobal
